dependencies:
- name: cilium
  repository: https://helm.cilium.io/
  version: 1.19.4
- name: falco
  repository: https://falcosecurity.github.io/charts
  version: 4.22.0
- name: tetragon
  repository: https://helm.cilium.io/
  version: 1.7.0
- name: kyverno
  repository: https://kyverno.github.io/kyverno/
  version: 3.8.1
digest: sha256:cd4707cbd7804073cd36f5ed2be8ca7961e9fe3d13217a5c9585edec8d2e7ab2
generated: "2026-06-12T01:35:14.760281+02:00"
