dependencies:
- name: cilium
  repository: https://helm.cilium.io/
  version: 1.19.5
- name: falco
  repository: https://falcosecurity.github.io/charts
  version: 4.22.0
- name: tetragon
  repository: https://helm.cilium.io/
  version: 1.7.0
- name: kyverno
  repository: https://kyverno.github.io/kyverno/
  version: 3.8.1
- name: kube-prometheus-stack
  repository: https://prometheus-community.github.io/helm-charts
  version: 86.3.2
- name: loki
  repository: https://grafana.github.io/helm-charts
  version: 6.55.0
- name: promtail
  repository: https://grafana.github.io/helm-charts
  version: 6.17.1
digest: sha256:b5121c8bd9457585bc872f121e88703515ef912944417cde4da57414fb5ec7e4
generated: "2026-06-25T15:59:53.814739+02:00"
