dependencies:
- name: cilium
  repository: https://helm.cilium.io/
  version: 1.19.5
- name: falco
  repository: https://falcosecurity.github.io/charts
  version: 4.22.0
- name: tetragon
  repository: https://helm.cilium.io/
  version: 1.7.0
- name: kyverno
  repository: https://kyverno.github.io/kyverno/
  version: 3.8.1
- name: kube-prometheus-stack
  repository: https://prometheus-community.github.io/helm-charts
  version: 86.2.3
- name: loki
  repository: https://grafana.github.io/helm-charts
  version: 6.55.0
- name: promtail
  repository: https://grafana.github.io/helm-charts
  version: 6.17.1
digest: sha256:f2cd042312a82d76d15666a407957ddc3b0ac2af530b64c842051b2c2ee6fece
generated: "2026-06-19T00:50:39.796651+02:00"
